
Microsoft Visual Studio Solution File, Format Version 12.00
# Visual Studio 15
VisualStudioVersion = 15.0.27703.2035
MinimumVisualStudioVersion = 10.0.40219.1
Project("{FAE04EC0-301F-11D3-BF4B-00C04F79EFBC}") = "Task20", "AutomationTraining\Task20.csproj", "{CB7CEC6C-1604-43C0-A61A-8422CE0B0E3E}"
EndProject
Project("{FAE04EC0-301F-11D3-BF4B-00C04F79EFBC}") = "WebDriverHelper", "WebDriverHelper\WebDriverHelper.csproj", "{4E5EBBD0-4599-45C2-B81F-BD34BE2DF9EC}"
EndProject
Project("{FAE04EC0-301F-11D3-BF4B-00C04F79EFBC}") = "Task50", "Task50\Task50.csproj", "{3D7AF06E-AF38-4E2F-B749-1277BE8CD648}"
EndProject
Project("{FAE04EC0-301F-11D3-BF4B-00C04F79EFBC}") = "Task70", "Task70\Task70.csproj", "{87B6C62F-D31B-470F-B9D1-C8CDF5D61078}"
EndProject
Global
	GlobalSection(SolutionConfigurationPlatforms) = preSolution
		Debug|Any CPU = Debug|Any CPU
		Release|Any CPU = Release|Any CPU
	EndGlobalSection
	GlobalSection(ProjectConfigurationPlatforms) = postSolution
		{CB7CEC6C-1604-43C0-A61A-8422CE0B0E3E}.Debug|Any CPU.ActiveCfg = Debug|Any CPU
		{CB7CEC6C-1604-43C0-A61A-8422CE0B0E3E}.Debug|Any CPU.Build.0 = Debug|Any CPU
		{CB7CEC6C-1604-43C0-A61A-8422CE0B0E3E}.Release|Any CPU.ActiveCfg = Release|Any CPU
		{CB7CEC6C-1604-43C0-A61A-8422CE0B0E3E}.Release|Any CPU.Build.0 = Release|Any CPU
		{4E5EBBD0-4599-45C2-B81F-BD34BE2DF9EC}.Debug|Any CPU.ActiveCfg = Debug|Any CPU
		{4E5EBBD0-4599-45C2-B81F-BD34BE2DF9EC}.Debug|Any CPU.Build.0 = Debug|Any CPU
		{4E5EBBD0-4599-45C2-B81F-BD34BE2DF9EC}.Release|Any CPU.ActiveCfg = Release|Any CPU
		{4E5EBBD0-4599-45C2-B81F-BD34BE2DF9EC}.Release|Any CPU.Build.0 = Release|Any CPU
		{3D7AF06E-AF38-4E2F-B749-1277BE8CD648}.Debug|Any CPU.ActiveCfg = Debug|Any CPU
		{3D7AF06E-AF38-4E2F-B749-1277BE8CD648}.Debug|Any CPU.Build.0 = Debug|Any CPU
		{3D7AF06E-AF38-4E2F-B749-1277BE8CD648}.Release|Any CPU.ActiveCfg = Release|Any CPU
		{3D7AF06E-AF38-4E2F-B749-1277BE8CD648}.Release|Any CPU.Build.0 = Release|Any CPU
		{87B6C62F-D31B-470F-B9D1-C8CDF5D61078}.Debug|Any CPU.ActiveCfg = Debug|Any CPU
		{87B6C62F-D31B-470F-B9D1-C8CDF5D61078}.Debug|Any CPU.Build.0 = Debug|Any CPU
		{87B6C62F-D31B-470F-B9D1-C8CDF5D61078}.Release|Any CPU.ActiveCfg = Release|Any CPU
		{87B6C62F-D31B-470F-B9D1-C8CDF5D61078}.Release|Any CPU.Build.0 = Release|Any CPU
	EndGlobalSection
	GlobalSection(SolutionProperties) = preSolution
		HideSolutionNode = FALSE
	EndGlobalSection
	GlobalSection(ExtensibilityGlobals) = postSolution
		SolutionGuid = {5EFAFFB2-CFD2-40E7-9270-47E51EA7CD9C}
	EndGlobalSection
EndGlobal
